<Solution>
  <Folder Name="/src/">
    <Project Path="src/FhirMpi.Api/FhirMpi.Api.csproj" />
    <Project Path="src/FhirMpi.Application/FhirMpi.Application.csproj" />
    <Project Path="src/FhirMpi.Domain/FhirMpi.Domain.csproj" />
    <Project Path="src/FhirMpi.Fhir.R4/FhirMpi.Fhir.R4.csproj" />
    <Project Path="src/FhirMpi.Hl7v2/FhirMpi.Hl7v2.csproj" />
    <Project Path="src/FhirMpi.Hl7v2.Host/FhirMpi.Hl7v2.Host.csproj" />
    <Project Path="src/FhirMpi.Portal/FhirMpi.Portal.csproj" />
    <Project Path="src/FhirMpi.Storage.Abstractions/FhirMpi.Storage.Abstractions.csproj" />
    <Project Path="src/FhirMpi.Storage.Gcp/FhirMpi.Storage.Gcp.csproj" />
    <Project Path="src/FhirMpi.Storage.InMemory/FhirMpi.Storage.InMemory.csproj" />
  </Folder>
  <Folder Name="/tests/">
    <Project Path="tests/FhirMpi.Api.Tests/FhirMpi.Api.Tests.csproj" />
    <Project Path="tests/FhirMpi.Domain.Tests/FhirMpi.Domain.Tests.csproj" />
    <Project Path="tests/FhirMpi.Fhir.R4.Tests/FhirMpi.Fhir.R4.Tests.csproj" />
    <Project Path="tests/FhirMpi.Hl7v2.Tests/FhirMpi.Hl7v2.Tests.csproj" />
    <Project Path="tests/FhirMpi.Portal.Tests/FhirMpi.Portal.Tests.csproj" />
    <Project Path="tests/FhirMpi.Storage.ContractTests/FhirMpi.Storage.ContractTests.csproj" />
    <Project Path="tests/FhirMpi.Storage.Gcp.Tests/FhirMpi.Storage.Gcp.Tests.csproj" />
  </Folder>
  <Folder Name="/benchmarks/">
    <Project Path="benchmarks/FhirMpi.Benchmarks/FhirMpi.Benchmarks.csproj" />
  </Folder>
</Solution>
