{
  "version": 2,
  "dependencies": {
    "net10.0": {
      "Firely.Fhir.Validation.R4": {
        "type": "Direct",
        "requested": "[3.3.0, )",
        "resolved": "3.3.0",
        "contentHash": "Tf5M6hkMf5N8pKUP9i7NSYrUpFRFgOOzzf++UhjvZiYm+4PuhsLIEbbOxKR4ch7At6w2nuNC43uDXcVYdnuU3Q==",
        "dependencies": {
          "Firely.Fhir.Validation": "3.3.0",
          "Firely.Fhir.Validation.Compilation": "3.3.0",
          "Hl7.Fhir.R4": "6.3.0"
        }
      },
      "Hl7.Fhir.R4": {
        "type": "Direct",
        "requested": "[6.3.0, )",
        "resolved": "6.3.0",
        "contentHash": "eS3DJvxtA+Sy1AGSv6x415pV89AYhCB20OdUgcImM2obpUdiGPV4eiS4AclBMwNeD+6PrREQ2X9XVJ6Dicw/rg==",
        "dependencies": {
          "Hl7.Fhir.Conformance": "6.3.0"
        }
      },
      "Fhir.Metrics": {
        "type": "Transitive",
        "resolved": "1.3.1",
        "contentHash": "pCC0/KT4xe7vvJ0UD9u8CTBQOoIqMBl01du0UvK95i1A6smPb32gdmwSJvtx+KV7jQwkIMeKblkH8M3d9iw7fg=="
      },
      "Firely.Fhir.Validation": {
        "type": "Transitive",
        "resolved": "3.3.0",
        "contentHash": "byBPkLPOQOnwZKdU7mUuxqU9ClyuTHu/b52ZLZ9wZB1m5cpB7YTScIXfhfsUMHC7LZUJ+GDihV2CEyUch+19zQ==",
        "dependencies": {
          "Hl7.Fhir.Base": "6.3.0",
          "MessagePack.Annotations": "3.1.7",
          "Newtonsoft.Json": "13.0.4",
          "System.ValueTuple": "4.6.2"
        }
      },
      "Firely.Fhir.Validation.Compilation": {
        "type": "Transitive",
        "resolved": "3.3.0",
        "contentHash": "vAMLlygRYPHY9MPxsgxVGeoUIgzdechd6glfbnnCuRjJ7SfKBejBeYlPIh+D8SMP1sxT64mU504grRt7m0csHQ==",
        "dependencies": {
          "Firely.Fhir.Validation": "3.3.0",
          "Hl7.Fhir.Base": "6.3.0",
          "Hl7.Fhir.Conformance": "6.3.0"
        }
      },
      "Hl7.Fhir.Base": {
        "type": "Transitive",
        "resolved": "6.3.0",
        "contentHash": "k8XIzJftud7yqRXyBQKnJmKifjkGqICMk1SjfbEWunsf24cpOm1ThgTJBYt1Vixh1dBixV/NT7bih58gOdWfgw==",
        "dependencies": {
          "Fhir.Metrics": "1.3.1",
          "Microsoft.Extensions.Caching.Memory": "8.0.1",
          "Newtonsoft.Json": "13.0.4",
          "System.ComponentModel.Annotations": "5.0.0"
        }
      },
      "Hl7.Fhir.Conformance": {
        "type": "Transitive",
        "resolved": "6.3.0",
        "contentHash": "1kjNxkaw9/0/nrqd0jn8sw9aDRjto4iCwsFMKFejp2CBM8ythmRUVQFBXxhVuawLtBUbQpT5ABrTOi2xOvKBjA==",
        "dependencies": {
          "Hl7.Fhir.Base": "6.3.0"
        }
      },
      "MessagePack.Annotations": {
        "type": "Transitive",
        "resolved": "3.1.7",
        "contentHash": "IW1yX9viarFl/Dsio5G+pM90JkOSW4xhAiJcKxPPF5rzyp2/yCpieWju8G99QLEmaQeze2uQMEskUBA59YZmkw=="
      },
      "Microsoft.Extensions.Caching.Abstractions": {
        "type": "Transitive",
        "resolved": "8.0.0",
        "contentHash": "3KuSxeHoNYdxVYfg2IRZCThcrlJ1XJqIXkAWikCsbm5C/bCjv7G0WoKDyuR98Q+T607QT2Zl5GsbGRkENcV2yQ==",
        "dependencies": {
          "Microsoft.Extensions.Primitives": "8.0.0"
        }
      },
      "Microsoft.Extensions.Caching.Memory": {
        "type": "Transitive",
        "resolved": "8.0.1",
        "contentHash": "HFDnhYLccngrzyGgHkjEDU5FMLn4MpOsr5ElgsBMC4yx6lJh4jeWO7fHS8+TXPq+dgxCmUa/Trl8svObmwW4QA==",
        "dependencies": {
          "Microsoft.Extensions.Caching.Abstractions": "8.0.0",
          "Microsoft.Extensions.DependencyInjection.Abstractions": "8.0.2",
          "Microsoft.Extensions.Logging.Abstractions": "8.0.2",
          "Microsoft.Extensions.Options": "8.0.2",
          "Microsoft.Extensions.Primitives": "8.0.0"
        }
      },
      "Microsoft.Extensions.DependencyInjection.Abstractions": {
        "type": "Transitive",
        "resolved": "8.0.2",
        "contentHash": "3iE7UF7MQkCv1cxzCahz+Y/guQbTqieyxyaWKhrRO91itI9cOKO76OHeQDahqG4MmW5umr3CcCvGmK92lWNlbg=="
      },
      "Microsoft.Extensions.Logging.Abstractions": {
        "type": "Transitive",
        "resolved": "8.0.2",
        "contentHash": "nroMDjS7hNBPtkZqVBbSiQaQjWRDxITI8Y7XnDs97rqG3EbzVTNLZQf7bIeUJcaHOV8bca47s1Uxq94+2oGdxA==",
        "dependencies": {
          "Microsoft.Extensions.DependencyInjection.Abstractions": "8.0.2"
        }
      },
      "Microsoft.Extensions.Options": {
        "type": "Transitive",
        "resolved": "8.0.2",
        "contentHash": "dWGKvhFybsaZpGmzkGCbNNwBD1rVlWzrZKANLW/CcbFJpCEceMCGzT7zZwHOGBCbwM0SzBuceMj5HN1LKV1QqA==",
        "dependencies": {
          "Microsoft.Extensions.DependencyInjection.Abstractions": "8.0.0",
          "Microsoft.Extensions.Primitives": "8.0.0"
        }
      },
      "Microsoft.Extensions.Primitives": {
        "type": "Transitive",
        "resolved": "8.0.0",
        "contentHash": "bXJEZrW9ny8vjMF1JV253WeLhpEVzFo1lyaZu1vQ4ZxWUlVvknZ/+ftFgVheLubb4eZPSwwxBeqS1JkCOjxd8g=="
      },
      "Newtonsoft.Json": {
        "type": "Transitive",
        "resolved": "13.0.4",
        "contentHash": "pdgNNMai3zv51W5aq268sujXUyx7SNdE2bj1wZcWjAQrKMFZV260lbqYop1d2GM67JI1huLRwxo9ZqnfF/lC6A=="
      },
      "System.ComponentModel.Annotations": {
        "type": "Transitive",
        "resolved": "5.0.0",
        "contentHash": "dMkqfy2el8A8/I76n2Hi1oBFEbG1SfxD2l5nhwXV3XjlnOmwxJlQbYpJH4W51odnU9sARCSAgv7S3CyAFMkpYg=="
      },
      "System.ValueTuple": {
        "type": "Transitive",
        "resolved": "4.6.2",
        "contentHash": "yQgmjfFximrNm9LIV3mL6T5MzjeC+epeE5rl4hXxAlYmxby7RM1dPSkIKXk9HNkl6G54h2JHOmLD46+Pey+IRg=="
      },
      "unifyempi.application": {
        "type": "Project",
        "dependencies": {
          "UnifyEmpi.Domain": "[1.0.0, )",
          "UnifyEmpi.Storage.Abstractions": "[1.0.0, )"
        }
      },
      "unifyempi.domain": {
        "type": "Project"
      },
      "unifyempi.storage.abstractions": {
        "type": "Project",
        "dependencies": {
          "UnifyEmpi.Domain": "[1.0.0, )"
        }
      }
    }
  }
}