{
  "version": 2,
  "dependencies": {
    "net10.0": {
      "Microsoft.Extensions.Hosting": {
        "type": "Direct",
        "requested": "[10.0.10, )",
        "resolved": "10.0.10",
        "contentHash": "tL9FkfV64GPUDSPvwrgyw42LVzsnVAnyrqJEuZVJbODgrQ3eL63zmzEcVWoCHzfgqUhWggzbgAyUCnz/zfI3Pg==",
        "dependencies": {
          "Microsoft.Extensions.Configuration": "10.0.10",
          "Microsoft.Extensions.Configuration.Abstractions": "10.0.10",
          "Microsoft.Extensions.Configuration.Binder": "10.0.10",
          "Microsoft.Extensions.Configuration.CommandLine": "10.0.10",
          "Microsoft.Extensions.Configuration.EnvironmentVariables": "10.0.10",
          "Microsoft.Extensions.Configuration.FileExtensions": "10.0.10",
          "Microsoft.Extensions.Configuration.Json": "10.0.10",
          "Microsoft.Extensions.Configuration.UserSecrets": "10.0.10",
          "Microsoft.Extensions.DependencyInjection": "10.0.10",
          "Microsoft.Extensions.DependencyInjection.Abstractions": "10.0.10",
          "Microsoft.Extensions.Diagnostics": "10.0.10",
          "Microsoft.Extensions.FileProviders.Abstractions": "10.0.10",
          "Microsoft.Extensions.FileProviders.Physical": "10.0.10",
          "Microsoft.Extensions.Hosting.Abstractions": "10.0.10",
          "Microsoft.Extensions.Logging": "10.0.10",
          "Microsoft.Extensions.Logging.Abstractions": "10.0.10",
          "Microsoft.Extensions.Logging.Configuration": "10.0.10",
          "Microsoft.Extensions.Logging.Console": "10.0.10",
          "Microsoft.Extensions.Logging.Debug": "10.0.10",
          "Microsoft.Extensions.Logging.EventLog": "10.0.10",
          "Microsoft.Extensions.Logging.EventSource": "10.0.10",
          "Microsoft.Extensions.Options": "10.0.10"
        }
      },
      "OpenTelemetry.Exporter.OpenTelemetryProtocol": {
        "type": "Direct",
        "requested": "[1.17.0, )",
        "resolved": "1.17.0",
        "contentHash": "R1omQOrQpGlS0Cp5UIr/TAiuEA48JrPlgr1NPV5gESiTU7HhWU+ILe2EBSYb1fKdsSavZ7nZkHcUxAzofPqr2A==",
        "dependencies": {
          "OpenTelemetry": "1.17.0"
        }
      },
      "OpenTelemetry.Extensions.Hosting": {
        "type": "Direct",
        "requested": "[1.17.0, )",
        "resolved": "1.17.0",
        "contentHash": "t1OwL/4qgboGMobYVT+UV5zgWnFqCp4Pw8lcsmzh8m2K8PQsTKkyxrC32tqYTMYny3GOW4q5cltE3dTVzLmRew==",
        "dependencies": {
          "Microsoft.Extensions.Hosting.Abstractions": "10.0.0",
          "OpenTelemetry": "1.17.0"
        }
      },
      "Fhir.Metrics": {
        "type": "Transitive",
        "resolved": "1.3.1",
        "contentHash": "pCC0/KT4xe7vvJ0UD9u8CTBQOoIqMBl01du0UvK95i1A6smPb32gdmwSJvtx+KV7jQwkIMeKblkH8M3d9iw7fg=="
      },
      "Firely.Fhir.Validation": {
        "type": "Transitive",
        "resolved": "3.3.0",
        "contentHash": "byBPkLPOQOnwZKdU7mUuxqU9ClyuTHu/b52ZLZ9wZB1m5cpB7YTScIXfhfsUMHC7LZUJ+GDihV2CEyUch+19zQ==",
        "dependencies": {
          "Hl7.Fhir.Base": "6.3.0",
          "MessagePack.Annotations": "3.1.7",
          "Newtonsoft.Json": "13.0.4",
          "System.ValueTuple": "4.6.2"
        }
      },
      "Firely.Fhir.Validation.Compilation": {
        "type": "Transitive",
        "resolved": "3.3.0",
        "contentHash": "vAMLlygRYPHY9MPxsgxVGeoUIgzdechd6glfbnnCuRjJ7SfKBejBeYlPIh+D8SMP1sxT64mU504grRt7m0csHQ==",
        "dependencies": {
          "Firely.Fhir.Validation": "3.3.0",
          "Hl7.Fhir.Base": "6.3.0",
          "Hl7.Fhir.Conformance": "6.3.0"
        }
      },
      "Google.Apis": {
        "type": "Transitive",
        "resolved": "1.74.0",
        "contentHash": "Z6hSkmRD6V8/raSBqn/EsPpNop6suaLaGE9DbSY3yRE5G47l4zYqrJgapcLARk2Z3TsQUDmWz+w/tob3wuVt3g==",
        "dependencies": {
          "Google.Apis.Core": "1.74.0"
        }
      },
      "Google.Apis.Auth": {
        "type": "Transitive",
        "resolved": "1.74.0",
        "contentHash": "43H4foh3zfWgboK8QnJjIfPQuBiS794TxqQLDfeE3erQSluKmEN0qeDuwxLTpSr9Mtwj76S4LWxPneuSbC6fNg==",
        "dependencies": {
          "Google.Apis": "1.74.0",
          "Google.Apis.Core": "1.74.0",
          "System.Management": "7.0.2"
        }
      },
      "Google.Apis.Core": {
        "type": "Transitive",
        "resolved": "1.74.0",
        "contentHash": "gWOIiks6yo2TRliIyy10V18BJOO2BfUSPJFiTW6Tfap4tm3hFj7nvYU3XIfwzAxwoIy6nsBoqVDt9iBDSXrvYQ==",
        "dependencies": {
          "Newtonsoft.Json": "13.0.4"
        }
      },
      "Hl7.Fhir.Base": {
        "type": "Transitive",
        "resolved": "6.3.0",
        "contentHash": "k8XIzJftud7yqRXyBQKnJmKifjkGqICMk1SjfbEWunsf24cpOm1ThgTJBYt1Vixh1dBixV/NT7bih58gOdWfgw==",
        "dependencies": {
          "Fhir.Metrics": "1.3.1",
          "Microsoft.Extensions.Caching.Memory": "8.0.1",
          "Newtonsoft.Json": "13.0.4",
          "System.ComponentModel.Annotations": "5.0.0"
        }
      },
      "Hl7.Fhir.Conformance": {
        "type": "Transitive",
        "resolved": "6.3.0",
        "contentHash": "1kjNxkaw9/0/nrqd0jn8sw9aDRjto4iCwsFMKFejp2CBM8ythmRUVQFBXxhVuawLtBUbQpT5ABrTOi2xOvKBjA==",
        "dependencies": {
          "Hl7.Fhir.Base": "6.3.0"
        }
      },
      "MessagePack.Annotations": {
        "type": "Transitive",
        "resolved": "3.1.7",
        "contentHash": "IW1yX9viarFl/Dsio5G+pM90JkOSW4xhAiJcKxPPF5rzyp2/yCpieWju8G99QLEmaQeze2uQMEskUBA59YZmkw=="
      },
      "Microsoft.Extensions.Caching.Abstractions": {
        "type": "Transitive",
        "resolved": "8.0.0",
        "contentHash": "3KuSxeHoNYdxVYfg2IRZCThcrlJ1XJqIXkAWikCsbm5C/bCjv7G0WoKDyuR98Q+T607QT2Zl5GsbGRkENcV2yQ==",
        "dependencies": {
          "Microsoft.Extensions.Primitives": "8.0.0"
        }
      },
      "Microsoft.Extensions.Caching.Memory": {
        "type": "Transitive",
        "resolved": "8.0.1",
        "contentHash": "HFDnhYLccngrzyGgHkjEDU5FMLn4MpOsr5ElgsBMC4yx6lJh4jeWO7fHS8+TXPq+dgxCmUa/Trl8svObmwW4QA==",
        "dependencies": {
          "Microsoft.Extensions.Caching.Abstractions": "8.0.0",
          "Microsoft.Extensions.DependencyInjection.Abstractions": "8.0.2",
          "Microsoft.Extensions.Logging.Abstractions": "8.0.2",
          "Microsoft.Extensions.Options": "8.0.2",
          "Microsoft.Extensions.Primitives": "8.0.0"
        }
      },
      "Microsoft.Extensions.Configuration": {
        "type": "Transitive",
        "resolved": "10.0.10",
        "contentHash": "plJWK2zpWuuyxI8F8s2scx6Je7N1Ajjs6HvYUGKwRnDMWIVIz9FHwAkiT7ASgrvAOd10T0FPVlh9BzAJJME+jg==",
        "dependencies": {
          "Microsoft.Extensions.Configuration.Abstractions": "10.0.10",
          "Microsoft.Extensions.Primitives": "10.0.10"
        }
      },
      "Microsoft.Extensions.Configuration.Abstractions": {
        "type": "Transitive",
        "resolved": "10.0.10",
        "contentHash": "5Vnd2I75DmZCVEjSynIdJ/0EGafgnLQwgR3t2C2/fkjx/nRG+cLwxLLdInoHeCEpkD5K4Ov/g9ZCRYrl4TRsaA==",
        "dependencies": {
          "Microsoft.Extensions.Primitives": "10.0.10"
        }
      },
      "Microsoft.Extensions.Configuration.Binder": {
        "type": "Transitive",
        "resolved": "10.0.10",
        "contentHash": "GqmN2o1CkJvk7uWp+p4CwBYW0w/zfoEbvsiFDbO2G8l1Uz+mrDAbAcZiXhU2lufKPby1cjAUdd5GTWpebYOkOA==",
        "dependencies": {
          "Microsoft.Extensions.Configuration": "10.0.10",
          "Microsoft.Extensions.Configuration.Abstractions": "10.0.10"
        }
      },
      "Microsoft.Extensions.Configuration.CommandLine": {
        "type": "Transitive",
        "resolved": "10.0.10",
        "contentHash": "33cBeR2HRbzHUTtmcmLdNOApneNGcymwwL4arHuotgVK9Frba8kcDTrvVTj7cSCmF1R9OiSbZH0KxNOwab3HUg==",
        "dependencies": {
          "Microsoft.Extensions.Configuration": "10.0.10",
          "Microsoft.Extensions.Configuration.Abstractions": "10.0.10"
        }
      },
      "Microsoft.Extensions.Configuration.EnvironmentVariables": {
        "type": "Transitive",
        "resolved": "10.0.10",
        "contentHash": "KRfFSSCV58vEdU7mPED/YMzeovIWF5P0g8s9K8n9HEfy0/WzMq37SrPdXdFN5/dFT/rPMHpF7AvpoXHckbcBFg==",
        "dependencies": {
          "Microsoft.Extensions.Configuration": "10.0.10",
          "Microsoft.Extensions.Configuration.Abstractions": "10.0.10"
        }
      },
      "Microsoft.Extensions.Configuration.FileExtensions": {
        "type": "Transitive",
        "resolved": "10.0.10",
        "contentHash": "ZOhZYwvbXGTgGVRwswIirofEMVHuWdxjdh0JeUZXwaF9cgcjXdz/t0ELtgaevw7ezTyv47yPNCgGreWtLkn3IQ==",
        "dependencies": {
          "Microsoft.Extensions.Configuration": "10.0.10",
          "Microsoft.Extensions.Configuration.Abstractions": "10.0.10",
          "Microsoft.Extensions.FileProviders.Abstractions": "10.0.10",
          "Microsoft.Extensions.FileProviders.Physical": "10.0.10",
          "Microsoft.Extensions.Primitives": "10.0.10"
        }
      },
      "Microsoft.Extensions.Configuration.Json": {
        "type": "Transitive",
        "resolved": "10.0.10",
        "contentHash": "uvJ6sHwjgrkMEJOgiC76G0mcZGXerwyyWkwX34EOjCbxKG6TCtfAoqDKAMsCvEBf9HxjlGQEgqsSMOGCmGBf+A==",
        "dependencies": {
          "Microsoft.Extensions.Configuration": "10.0.10",
          "Microsoft.Extensions.Configuration.Abstractions": "10.0.10",
          "Microsoft.Extensions.Configuration.FileExtensions": "10.0.10",
          "Microsoft.Extensions.FileProviders.Abstractions": "10.0.10"
        }
      },
      "Microsoft.Extensions.Configuration.UserSecrets": {
        "type": "Transitive",
        "resolved": "10.0.10",
        "contentHash": "1s1sKFTk/Foam64JY6+m/diH8drL3Wx6V3gtSd5v1IEZtszZYyc1pW8uRnMblzpNiR0l0t8gGk7tXj3xHzFgdg==",
        "dependencies": {
          "Microsoft.Extensions.Configuration.Abstractions": "10.0.10",
          "Microsoft.Extensions.Configuration.Json": "10.0.10",
          "Microsoft.Extensions.FileProviders.Abstractions": "10.0.10",
          "Microsoft.Extensions.FileProviders.Physical": "10.0.10"
        }
      },
      "Microsoft.Extensions.DependencyInjection": {
        "type": "Transitive",
        "resolved": "10.0.10",
        "contentHash": "ANyvsgkNBRvcJh2XLgn8veGmajf+8m0AbKK+HPWdRL1yraSNVVSmQhFntLtdz/C795jxqqup+k05cs/3jZQPOA==",
        "dependencies": {
          "Microsoft.Extensions.DependencyInjection.Abstractions": "10.0.10"
        }
      },
      "Microsoft.Extensions.DependencyInjection.Abstractions": {
        "type": "Transitive",
        "resolved": "10.0.10",
        "contentHash": "z/2xXlFw2aLGjHyEm6E0tQ+In6VfzQzTrtArbQ2c0TQE16ZbyDCMGPvaUT9I0s8rgy9sRWlU2P9waW37qV04qA=="
      },
      "Microsoft.Extensions.Diagnostics": {
        "type": "Transitive",
        "resolved": "10.0.10",
        "contentHash": "Kr/e7lUf4+N8tacbqJ2Ctwe/HarKdAc9ZkgKVVqvtJDBKbez+T/KnUwu82KSlnBp/SrpBcxc7u7xkE2oUZT/5Q==",
        "dependencies": {
          "Microsoft.Extensions.Configuration": "10.0.10",
          "Microsoft.Extensions.Diagnostics.Abstractions": "10.0.10",
          "Microsoft.Extensions.Options.ConfigurationExtensions": "10.0.10"
        }
      },
      "Microsoft.Extensions.Diagnostics.Abstractions": {
        "type": "Transitive",
        "resolved": "10.0.10",
        "contentHash": "9uWiKpeOVac355STyChWR/pliFX/5CeLqChW9kKsaxyDH4EUTZxMkT4Jwp/J/peLm0GBFmSX5c0WCse3yCnq1Q==",
        "dependencies": {
          "Microsoft.Extensions.DependencyInjection.Abstractions": "10.0.10",
          "Microsoft.Extensions.Options": "10.0.10"
        }
      },
      "Microsoft.Extensions.FileProviders.Abstractions": {
        "type": "Transitive",
        "resolved": "10.0.10",
        "contentHash": "c5zqFCY9DiIpMovLd7/d/CTiEtrMOuQ639dhv3PABtKQIKNQikSHwQt8+N679uii9q+B55lgK28Uv64FOwEu8w==",
        "dependencies": {
          "Microsoft.Extensions.Primitives": "10.0.10"
        }
      },
      "Microsoft.Extensions.FileProviders.Physical": {
        "type": "Transitive",
        "resolved": "10.0.10",
        "contentHash": "jhJAyo38kSrH3ARvWUk0h8itogVnQu2DCZuPo+s0Z+tXes0ugTxMPaHYzap85785eHQmPFqD9TYERqBbtGxn/w==",
        "dependencies": {
          "Microsoft.Extensions.FileProviders.Abstractions": "10.0.10",
          "Microsoft.Extensions.FileSystemGlobbing": "10.0.10",
          "Microsoft.Extensions.Primitives": "10.0.10"
        }
      },
      "Microsoft.Extensions.FileSystemGlobbing": {
        "type": "Transitive",
        "resolved": "10.0.10",
        "contentHash": "jSOCVxEwCd4Aq925kJVz1kSO1EpX2OHYKL04qVREXkDU7Ce3pVDdHPYm+fEy8y/th2kJf/DAstRHpJAqoNWP8w=="
      },
      "Microsoft.Extensions.Hosting.Abstractions": {
        "type": "Transitive",
        "resolved": "10.0.10",
        "contentHash": "5LugpYGHk+mkn0a8IZgcyfBca8PCTAU9RQFoMrTdtOOidq88M2SI5f3px6ugnzgxC+eTkvYYJi8pzlUnG5xdAQ==",
        "dependencies": {
          "Microsoft.Extensions.Configuration.Abstractions": "10.0.10",
          "Microsoft.Extensions.DependencyInjection.Abstractions": "10.0.10",
          "Microsoft.Extensions.Diagnostics.Abstractions": "10.0.10",
          "Microsoft.Extensions.FileProviders.Abstractions": "10.0.10",
          "Microsoft.Extensions.Logging.Abstractions": "10.0.10"
        }
      },
      "Microsoft.Extensions.Logging": {
        "type": "Transitive",
        "resolved": "10.0.10",
        "contentHash": "Tf6z5HsL0VDYRTfvsoNrTGHGheCwkTsZBA2FFh5ATJUbkAwug+FFNISJK2gjpUNemlAOoWllAK52HOWCjto3EQ==",
        "dependencies": {
          "Microsoft.Extensions.DependencyInjection": "10.0.10",
          "Microsoft.Extensions.Logging.Abstractions": "10.0.10",
          "Microsoft.Extensions.Options": "10.0.10"
        }
      },
      "Microsoft.Extensions.Logging.Abstractions": {
        "type": "Transitive",
        "resolved": "10.0.10",
        "contentHash": "zkFxGYUvdxAvIKTyXHrmW+Sux53D4SezD9dMyZ6hrwwzPQJNuwCRy1f5W7AvYTqacEGhWF2XderRQG1OvbV8og==",
        "dependencies": {
          "Microsoft.Extensions.DependencyInjection.Abstractions": "10.0.10"
        }
      },
      "Microsoft.Extensions.Logging.Configuration": {
        "type": "Transitive",
        "resolved": "10.0.10",
        "contentHash": "cLrqxkuEfcilZ8SjK+9KAnpLk9lOoMPaOokF+wRUYie+iUEcdX4/p/+gJkt0BYgWLthjpBUCkVTBI6Kxg0nsOw==",
        "dependencies": {
          "Microsoft.Extensions.Configuration": "10.0.10",
          "Microsoft.Extensions.Configuration.Abstractions": "10.0.10",
          "Microsoft.Extensions.Configuration.Binder": "10.0.10",
          "Microsoft.Extensions.DependencyInjection.Abstractions": "10.0.10",
          "Microsoft.Extensions.Logging": "10.0.10",
          "Microsoft.Extensions.Logging.Abstractions": "10.0.10",
          "Microsoft.Extensions.Options": "10.0.10",
          "Microsoft.Extensions.Options.ConfigurationExtensions": "10.0.10"
        }
      },
      "Microsoft.Extensions.Logging.Console": {
        "type": "Transitive",
        "resolved": "10.0.10",
        "contentHash": "VIlNzPwPS0GeQVSmCqqo36ugryX3LpE9ul6gEkks5VLET3weH/XMLeWmclwfoGn4Nxi2mwVibB+OZBVJ9tDqvg==",
        "dependencies": {
          "Microsoft.Extensions.DependencyInjection.Abstractions": "10.0.10",
          "Microsoft.Extensions.Logging": "10.0.10",
          "Microsoft.Extensions.Logging.Abstractions": "10.0.10",
          "Microsoft.Extensions.Logging.Configuration": "10.0.10",
          "Microsoft.Extensions.Options": "10.0.10"
        }
      },
      "Microsoft.Extensions.Logging.Debug": {
        "type": "Transitive",
        "resolved": "10.0.10",
        "contentHash": "8+TZBnV5fgBXoVNJ5ROSErUwYogk4hOgV7c2HWK1u5cqKGmiUTUn7+KqZ35iQu8e/B7Ykccyz5OTjdXcidNZ9g==",
        "dependencies": {
          "Microsoft.Extensions.DependencyInjection.Abstractions": "10.0.10",
          "Microsoft.Extensions.Logging": "10.0.10",
          "Microsoft.Extensions.Logging.Abstractions": "10.0.10"
        }
      },
      "Microsoft.Extensions.Logging.EventLog": {
        "type": "Transitive",
        "resolved": "10.0.10",
        "contentHash": "0RE4951AzQ+YD4gVrvbq0BhdsiBgSDo44yM7+QBZ2mrmMJeNjY+teCIYfUjqDPVYnKs0HR6SkkhgrX1YgXZq3Q==",
        "dependencies": {
          "Microsoft.Extensions.DependencyInjection.Abstractions": "10.0.10",
          "Microsoft.Extensions.Logging": "10.0.10",
          "Microsoft.Extensions.Logging.Abstractions": "10.0.10",
          "Microsoft.Extensions.Options": "10.0.10",
          "System.Diagnostics.EventLog": "10.0.10"
        }
      },
      "Microsoft.Extensions.Logging.EventSource": {
        "type": "Transitive",
        "resolved": "10.0.10",
        "contentHash": "85SAPwXhJtdBInzN2k7SChiFiBGh3KOWay5AfoY+GREF6P7oZA98+ST2p7Z9384iLKYjkZSKIZ/FqIO5aojtNw==",
        "dependencies": {
          "Microsoft.Extensions.DependencyInjection.Abstractions": "10.0.10",
          "Microsoft.Extensions.Logging": "10.0.10",
          "Microsoft.Extensions.Logging.Abstractions": "10.0.10",
          "Microsoft.Extensions.Options": "10.0.10",
          "Microsoft.Extensions.Primitives": "10.0.10"
        }
      },
      "Microsoft.Extensions.Options": {
        "type": "Transitive",
        "resolved": "10.0.10",
        "contentHash": "srnhnk7nE8krBiIXp71LvBmKBtraBONWSRzdjJgRv1Ko9Mp8IVNqv4vIS9hGeVteBig8aQkva9ZG+sC+o5sVcA==",
        "dependencies": {
          "Microsoft.Extensions.DependencyInjection.Abstractions": "10.0.10",
          "Microsoft.Extensions.Primitives": "10.0.10"
        }
      },
      "Microsoft.Extensions.Options.ConfigurationExtensions": {
        "type": "Transitive",
        "resolved": "10.0.10",
        "contentHash": "tnBmu/LwF25ZQK+HBNCu2xrwnkKoB/XEbJyooGGoYxHrhvxbSKi7eOFiJ4AXBy/QU4vtCvCJfoi8k9Ej72qzOQ==",
        "dependencies": {
          "Microsoft.Extensions.Configuration.Abstractions": "10.0.10",
          "Microsoft.Extensions.Configuration.Binder": "10.0.10",
          "Microsoft.Extensions.DependencyInjection.Abstractions": "10.0.10",
          "Microsoft.Extensions.Options": "10.0.10",
          "Microsoft.Extensions.Primitives": "10.0.10"
        }
      },
      "Microsoft.Extensions.Primitives": {
        "type": "Transitive",
        "resolved": "10.0.10",
        "contentHash": "5wu/GrYVd8mG2DVUw3vFJzF+O336TyTGg/Kmcgw9bfwYhCoFiV5lR5QeEmKecJyrW4W54nMfD3p3589E8a7czQ=="
      },
      "Newtonsoft.Json": {
        "type": "Transitive",
        "resolved": "13.0.4",
        "contentHash": "pdgNNMai3zv51W5aq268sujXUyx7SNdE2bj1wZcWjAQrKMFZV260lbqYop1d2GM67JI1huLRwxo9ZqnfF/lC6A=="
      },
      "nhapi.base": {
        "type": "Transitive",
        "resolved": "3.2.3",
        "contentHash": "MYbx5AoEA1kdB+C180K5X2RTCpY9tHl+GY24BZLXunvFIbXfP0ol1U461DMvW1Ygm+4Huj6gCm4cccHWNrtWMw==",
        "dependencies": {
          "System.Configuration.ConfigurationManager": "8.0.1"
        }
      },
      "nhapi.model.v21": {
        "type": "Transitive",
        "resolved": "3.2.3",
        "contentHash": "aI0TegIkefGmG7Z+ZR1UiW5qFEu6GzYocVf9VVit6YX+EKPLADubTG0zUbtSzaVeLX4rYIBExMVlT96UvGag5g==",
        "dependencies": {
          "nhapi.base": "3.2.3"
        }
      },
      "nhapi.model.v22": {
        "type": "Transitive",
        "resolved": "3.2.3",
        "contentHash": "j2Bdkzq6CQ3Hb84IMOV/unMCo2bCQq016YUPJKHzP3xfvHOqWDvpsy0v/Axz+9ifrNWvr+/DWKau8R/Z1x21vA==",
        "dependencies": {
          "nhapi.base": "3.2.3"
        }
      },
      "nhapi.model.v23": {
        "type": "Transitive",
        "resolved": "3.2.3",
        "contentHash": "mqcfyLv3AwK81ygrrJyE/7cF58fQsdpF3oNTHmj+BgoS2SuAbhmwfdkOwCCOJnnpJJgpha3EAoZ59zIhlB3DJA==",
        "dependencies": {
          "nhapi.base": "3.2.3"
        }
      },
      "nhapi.model.v231": {
        "type": "Transitive",
        "resolved": "3.2.3",
        "contentHash": "VRqMhTvti4SSffGOrDACqFN4bSMwfj4a5JgIG2tdLZAS9b0WQzjGQQo6qeCF6A6QHnqV/n6DuciP0/M4ZA03qw==",
        "dependencies": {
          "nhapi.base": "3.2.3"
        }
      },
      "nhapi.model.v24": {
        "type": "Transitive",
        "resolved": "3.2.3",
        "contentHash": "X3eKTl4Gn2KulKPQuuJ9bAyFLp/gzVatGT5MGf3M+qA8hxTDiLd4Ob3QLFqf3fwegncjDINsygytSZ9WaCB9Vw==",
        "dependencies": {
          "nhapi.base": "3.2.3"
        }
      },
      "nhapi.model.v25": {
        "type": "Transitive",
        "resolved": "3.2.3",
        "contentHash": "ftBg/X3eiopSqauhGDauqQYCJcmgvD5aW1jkqZf2MImN62HGL94tFVL/zUpu1Q4BgViHtvhzVbEEIqZ5pRkOLg==",
        "dependencies": {
          "nhapi.base": "3.2.3"
        }
      },
      "nhapi.model.v251": {
        "type": "Transitive",
        "resolved": "3.2.3",
        "contentHash": "xAqdjoj2w27l1nrVEDQ5qAHA22pTuul/3M0NnBdXhhYw7SODNUHBinivPewyHASDGVqxWdmzRnPDLzV2q5TNmg==",
        "dependencies": {
          "nhapi.base": "3.2.3"
        }
      },
      "nhapi.model.v26": {
        "type": "Transitive",
        "resolved": "3.2.3",
        "contentHash": "HZI97F8w6eUmHb1oyd4uIpRDxT9ApK3AU7uCWe5XqcL/y9ln+gKdGG6Rww1znnyHngb0StpICH4NtkOQjTDdRw==",
        "dependencies": {
          "nhapi.base": "3.2.3"
        }
      },
      "nhapi.model.v27": {
        "type": "Transitive",
        "resolved": "3.2.3",
        "contentHash": "TlYV6hlJyAEeq16XWr0tTzVE7bTteFLNrLdWRf+p74rF7FdMTZS3QgN2ZCDCiruDu8SsPhDDr2bdg4VazJz8eg==",
        "dependencies": {
          "nhapi.base": "3.2.3"
        }
      },
      "nhapi.model.v271": {
        "type": "Transitive",
        "resolved": "3.2.3",
        "contentHash": "uExC4gMDlT+22ezbw5sHg73J3+1R0n8h+B4m1wbv8L004ILsPRfhgkhG6zuvIIZN2lxeW4td+uAx1tbn9Zj7ZQ==",
        "dependencies": {
          "nhapi.base": "3.2.3"
        }
      },
      "nhapi.model.v28": {
        "type": "Transitive",
        "resolved": "3.2.3",
        "contentHash": "PQZt8IoMtsD0IEIPw3XrtCW2/nvBjZcQ9ftGqSxzYEByfVKVaoMBPITBe4jo6IvJkJMvvfwvt6fpzM8wttL8tw==",
        "dependencies": {
          "nhapi.base": "3.2.3"
        }
      },
      "nhapi.model.v281": {
        "type": "Transitive",
        "resolved": "3.2.3",
        "contentHash": "lTo/ktIQ0AU89hdgLCLhkN3sLpQdJbQB3XDRKn2PF3t7I9oIhJUxHa8xYmrtswEfCz8mqDQN3lDimyQwAvxC9A==",
        "dependencies": {
          "nhapi.base": "3.2.3"
        }
      },
      "OpenTelemetry": {
        "type": "Transitive",
        "resolved": "1.17.0",
        "contentHash": "rMLOTftlMlTm7+MSrvXDHnJRjVkROFNKXHZrYjOsX+LankaFG7QSflx7qRRGjoqZoirohnxmJQ7GEb9occO4Gg==",
        "dependencies": {
          "Microsoft.Extensions.Configuration.EnvironmentVariables": "10.0.0",
          "Microsoft.Extensions.Diagnostics.Abstractions": "10.0.0",
          "Microsoft.Extensions.Logging.Configuration": "10.0.0",
          "OpenTelemetry.Api.ProviderBuilderExtensions": "1.17.0"
        }
      },
      "OpenTelemetry.Api": {
        "type": "Transitive",
        "resolved": "1.17.0",
        "contentHash": "mSBxzomZgHIJu9CyVNqyDu/n2JHEtqVgfcCD1Br0cV5iLYogjZOMqhlVLt99PEp+0KGBNUR3GXgeOdN2GR3F9g=="
      },
      "OpenTelemetry.Api.ProviderBuilderExtensions": {
        "type": "Transitive",
        "resolved": "1.17.0",
        "contentHash": "Xgc3Qf9B9TFMFpx6exTdGqMWuYIT2miNzkdMPutVvT9YuMFaEovXWke1Gb6z8NxYaQbbGF38vYLuSg1JCeui5Q==",
        "dependencies": {
          "Microsoft.Extensions.DependencyInjection.Abstractions": "10.0.0",
          "OpenTelemetry.Api": "1.17.0"
        }
      },
      "System.CodeDom": {
        "type": "Transitive",
        "resolved": "7.0.0",
        "contentHash": "GLltyqEsE5/3IE+zYRP5sNa1l44qKl9v+bfdMcwg+M9qnQf47wK3H0SUR/T+3N4JEQXF3vV4CSuuo0rsg+nq2A=="
      },
      "System.ComponentModel.Annotations": {
        "type": "Transitive",
        "resolved": "5.0.0",
        "contentHash": "dMkqfy2el8A8/I76n2Hi1oBFEbG1SfxD2l5nhwXV3XjlnOmwxJlQbYpJH4W51odnU9sARCSAgv7S3CyAFMkpYg=="
      },
      "System.Configuration.ConfigurationManager": {
        "type": "Transitive",
        "resolved": "8.0.1",
        "contentHash": "gPYFPDyohW2gXNhdQRSjtmeS6FymL2crg4Sral1wtvEJ7DUqFCDWDVbbLobASbzxfic8U1hQEdC7hmg9LHncMw==",
        "dependencies": {
          "System.Diagnostics.EventLog": "8.0.1",
          "System.Security.Cryptography.ProtectedData": "8.0.0"
        }
      },
      "System.Diagnostics.EventLog": {
        "type": "Transitive",
        "resolved": "10.0.10",
        "contentHash": "OvGz3PrzuAI/Sj7LTcXcCe3FClRI1IyRMZjNONcZtFh+Ww7nAtSh4kh08r8KVe/xxkXJPjR0Y1jF7H+N42d4xQ=="
      },
      "System.Management": {
        "type": "Transitive",
        "resolved": "7.0.2",
        "contentHash": "/qEUN91mP/MUQmJnM5y5BdT7ZoPuVrtxnFlbJ8a3kBJGhe2wCzBfnPFtK2wTtEEcf3DMGR9J00GZZfg6HRI6yA==",
        "dependencies": {
          "System.CodeDom": "7.0.0"
        }
      },
      "System.Security.Cryptography.ProtectedData": {
        "type": "Transitive",
        "resolved": "8.0.0",
        "contentHash": "+TUFINV2q2ifyXauQXRwy4CiBhqvDEDZeVJU7qfxya4aRYOKzVBpN+4acx25VcPB9ywUN6C0n8drWl110PhZEg=="
      },
      "System.ValueTuple": {
        "type": "Transitive",
        "resolved": "4.6.2",
        "contentHash": "yQgmjfFximrNm9LIV3mL6T5MzjeC+epeE5rl4hXxAlYmxby7RM1dPSkIKXk9HNkl6G54h2JHOmLD46+Pey+IRg=="
      },
      "unifyempi.application": {
        "type": "Project",
        "dependencies": {
          "UnifyEmpi.Domain": "[1.0.0, )",
          "UnifyEmpi.Storage.Abstractions": "[1.0.0, )"
        }
      },
      "unifyempi.domain": {
        "type": "Project"
      },
      "unifyempi.fhir.r4": {
        "type": "Project",
        "dependencies": {
          "UnifyEmpi.Application": "[1.0.0, )",
          "Firely.Fhir.Validation.R4": "[3.3.0, )",
          "Hl7.Fhir.R4": "[6.3.0, )"
        }
      },
      "unifyempi.hl7v2": {
        "type": "Project",
        "dependencies": {
          "UnifyEmpi.Application": "[1.0.0, )",
          "nHapi": "[3.2.4, )"
        }
      },
      "unifyempi.storage.abstractions": {
        "type": "Project",
        "dependencies": {
          "UnifyEmpi.Domain": "[1.0.0, )"
        }
      },
      "unifyempi.storage.gcp": {
        "type": "Project",
        "dependencies": {
          "UnifyEmpi.Fhir.R4": "[1.0.0, )",
          "UnifyEmpi.Storage.Abstractions": "[1.0.0, )",
          "Google.Apis.CloudHealthcare.v1": "[1.74.0.4149, )"
        }
      },
      "unifyempi.storage.inmemory": {
        "type": "Project",
        "dependencies": {
          "UnifyEmpi.Storage.Abstractions": "[1.0.0, )"
        }
      },
      "Firely.Fhir.Validation.R4": {
        "type": "CentralTransitive",
        "requested": "[3.3.0, )",
        "resolved": "3.3.0",
        "contentHash": "Tf5M6hkMf5N8pKUP9i7NSYrUpFRFgOOzzf++UhjvZiYm+4PuhsLIEbbOxKR4ch7At6w2nuNC43uDXcVYdnuU3Q==",
        "dependencies": {
          "Firely.Fhir.Validation": "3.3.0",
          "Firely.Fhir.Validation.Compilation": "3.3.0",
          "Hl7.Fhir.R4": "6.3.0"
        }
      },
      "Google.Apis.CloudHealthcare.v1": {
        "type": "CentralTransitive",
        "requested": "[1.74.0.4149, )",
        "resolved": "1.74.0.4149",
        "contentHash": "29LYvBXKKFsbJDfuzMJa7lGgN2bsXHTqOvS7nBXHYHvLDT+quf7rXDMxPtxco5YOexR6+T5mgGCVdaQVKCqeIg==",
        "dependencies": {
          "Google.Apis": "1.74.0",
          "Google.Apis.Auth": "1.74.0"
        }
      },
      "Hl7.Fhir.R4": {
        "type": "CentralTransitive",
        "requested": "[6.3.0, )",
        "resolved": "6.3.0",
        "contentHash": "eS3DJvxtA+Sy1AGSv6x415pV89AYhCB20OdUgcImM2obpUdiGPV4eiS4AclBMwNeD+6PrREQ2X9XVJ6Dicw/rg==",
        "dependencies": {
          "Hl7.Fhir.Conformance": "6.3.0"
        }
      },
      "nhapi": {
        "type": "CentralTransitive",
        "requested": "[3.2.4, )",
        "resolved": "3.2.4",
        "contentHash": "O6rmoztwyH4zvCxYspEA4B8VZWeB00RKAX9uJfyZyJ3qSYTXX215naqXXozjqB46ApmYe+vnP+7sj73xpg++Gw==",
        "dependencies": {
          "nhapi.model.v21": "3.2.3",
          "nhapi.model.v22": "3.2.3",
          "nhapi.model.v23": "3.2.3",
          "nhapi.model.v231": "3.2.3",
          "nhapi.model.v24": "3.2.3",
          "nhapi.model.v25": "3.2.3",
          "nhapi.model.v251": "3.2.3",
          "nhapi.model.v26": "3.2.3",
          "nhapi.model.v27": "3.2.3",
          "nhapi.model.v271": "3.2.3",
          "nhapi.model.v28": "3.2.3",
          "nhapi.model.v281": "3.2.3"
        }
      }
    }
  }
}